// !$*UTF8*$!
{
	archiveVersion = 1;
	classes = {
	};
	objectVersion = 46;
	objects = {

/* Begin PBXBuildFile section */
		8E1B85C61E5B52ED0075E19F /* DataManager.swift in Sources */ = {isa = PBXBuildFile; fileRef = 8E1B85C51E5B52ED0075E19F /* DataManager.swift */; };
		8E8587ED1E5B175E00AF34CA /* AppDelegate.swift in Sources */ = {isa = PBXBuildFile; fileRef = 8E8587EC1E5B175E00AF34CA /* AppDelegate.swift */; };
		8E8587EF1E5B175E00AF34CA /* ViewController.swift in Sources */ = {isa = PBXBuildFile; fileRef = 8E8587EE1E5B175E00AF34CA /* ViewController.swift */; };
		8E8587F21E5B175E00AF34CA /* Main.storyboard in Resources */ = {isa = PBXBuildFile; fileRef = 8E8587F01E5B175E00AF34CA /* Main.storyboard */; };
		8E8587F51E5B175E00AF34CA /* ExampleApp.xcdatamodeld in Sources */ = {isa = PBXBuildFile; fileRef = 8E8587F31E5B175E00AF34CA /* ExampleApp.xcdatamodeld */; };
		8E8587F71E5B175E00AF34CA /* Assets.xcassets in Resources */ = {isa = PBXBuildFile; fileRef = 8E8587F61E5B175E00AF34CA /* Assets.xcassets */; };
		8E8587FA1E5B175E00AF34CA /* LaunchScreen.storyboard in Resources */ = {isa = PBXBuildFile; fileRef = 8E8587F81E5B175E00AF34CA /* LaunchScreen.storyboard */; };
		8E8588051E5B175E00AF34CA /* ExampleAppTests.swift in Sources */ = {isa = PBXBuildFile; fileRef = 8E8588041E5B175E00AF34CA /* ExampleAppTests.swift */; };
		8E8588101E5B175E00AF34CA /* ExampleAppUITests.swift in Sources */ = {isa = PBXBuildFile; fileRef = 8E85880F1E5B175E00AF34CA /* ExampleAppUITests.swift */; };
		8E85881E1E5B182100AF34CA /* APIManager.swift in Sources */ = {isa = PBXBuildFile; fileRef = 8E85881D1E5B182100AF34CA /* APIManager.swift */; };
		8EB7A5F11E5B767D00E39FBE /* History.swift in Sources */ = {isa = PBXBuildFile; fileRef = 8EB7A5F01E5B767D00E39FBE /* History.swift */; };
		8EB7A5F31E5B769600E39FBE /* HistoryCell.swift in Sources */ = {isa = PBXBuildFile; fileRef = 8EB7A5F21E5B769600E39FBE /* HistoryCell.swift */; };
		8EB7A5F71E5B832D00E39FBE /* MainScreenLabel.swift in Sources */ = {isa = PBXBuildFile; fileRef = 8EB7A5F61E5B832D00E39FBE /* MainScreenLabel.swift */; };
		8EB7A5F91E5B85CA00E39FBE /* HistoryProvider.swift in Sources */ = {isa = PBXBuildFile; fileRef = 8EB7A5F81E5B85CA00E39FBE /* HistoryProvider.swift */; };
		8EB7A5FB1E5C521500E39FBE /* Alerts.swift in Sources */ = {isa = PBXBuildFile; fileRef = 8EB7A5FA1E5C521400E39FBE /* Alerts.swift */; };
		8EB7A5FD1E5C5DEA00E39FBE /* HistoryLabel.swift in Sources */ = {isa = PBXBuildFile; fileRef = 8EB7A5FC1E5C5DEA00E39FBE /* HistoryLabel.swift */; };
		8EB7A5FF1E5C5E6D00E39FBE /* HistoryView.swift in Sources */ = {isa = PBXBuildFile; fileRef = 8EB7A5FE1E5C5E6D00E39FBE /* HistoryView.swift */; };
		AF29E0C7F5785B2161DB08A6 /* Pods_ExampleApp.framework in Frameworks */ = {isa = PBXBuildFile; fileRef = 9FE8ABBC4595D0B77C1CA5B4 /* Pods_ExampleApp.framework */; };
/* End PBXBuildFile section */

/* Begin PBXContainerItemProxy section */
		8E8588011E5B175E00AF34CA /* PBXContainerItemProxy */ = {
			isa = PBXContainerItemProxy;
			containerPortal = 8E8587E11E5B175E00AF34CA /* Project object */;
			proxyType = 1;
			remoteGlobalIDString = 8E8587E81E5B175E00AF34CA;
			remoteInfo = ExampleApp;
		};
		8E85880C1E5B175E00AF34CA /* PBXContainerItemProxy */ = {
			isa = PBXContainerItemProxy;
			containerPortal = 8E8587E11E5B175E00AF34CA /* Project object */;
			proxyType = 1;
			remoteGlobalIDString = 8E8587E81E5B175E00AF34CA;
			remoteInfo = ExampleApp;
		};
/* End PBXContainerItemProxy section */

/* Begin PBXFileReference section */
		080615C6BA34FEA5650C262A /* Pods-ExampleApp.release.xcconfig */ = {isa = PBXFileReference; includeInIndex = 1; lastKnownFileType = text.xcconfig; name = "Pods-ExampleApp.release.xcconfig"; path = "Pods/Target Support Files/Pods-ExampleApp/Pods-ExampleApp.release.xcconfig"; sourceTree = "<group>"; };
		6940054B299ABC9CE1F55F6E /* Pods-ExampleApp.debug.xcconfig */ = {isa = PBXFileReference; includeInIndex = 1; lastKnownFileType = text.xcconfig; name = "Pods-ExampleApp.debug.xcconfig"; path = "Pods/Target Support Files/Pods-ExampleApp/Pods-ExampleApp.debug.xcconfig"; sourceTree = "<group>"; };
		8E1B85C51E5B52ED0075E19F /* DataManager.swift */ = {isa = PBXFileReference; fileEncoding = 4; lastKnownFileType = sourcecode.swift; path = DataManager.swift; sourceTree = "<group>"; };
		8E8587E91E5B175E00AF34CA /* ExampleApp.app */ = {isa = PBXFileReference; explicitFileType = wrapper.application; includeInIndex = 0; path = ExampleApp.app; sourceTree = BUILT_PRODUCTS_DIR; };
		8E8587EC1E5B175E00AF34CA /* AppDelegate.swift */ = {isa = PBXFileReference; lastKnownFileType = sourcecode.swift; path = AppDelegate.swift; sourceTree = "<group>"; };
		8E8587EE1E5B175E00AF34CA /* ViewController.swift */ = {isa = PBXFileReference; lastKnownFileType = sourcecode.swift; path = ViewController.swift; sourceTree = "<group>"; };
		8E8587F11E5B175E00AF34CA /* Base */ = {isa = PBXFileReference; lastKnownFileType = file.storyboard; name = Base; path = Base.lproj/Main.storyboard; sourceTree = "<group>"; };
		8E8587F41E5B175E00AF34CA /* ExampleApp.xcdatamodel */ = {isa = PBXFileReference; lastKnownFileType = wrapper.xcdatamodel; path = ExampleApp.xcdatamodel; sourceTree = "<group>"; };
		8E8587F61E5B175E00AF34CA /* Assets.xcassets */ = {isa = PBXFileReference; lastKnownFileType = folder.assetcatalog; path = Assets.xcassets; sourceTree = "<group>"; };
		8E8587F91E5B175E00AF34CA /* Base */ = {isa = PBXFileReference; lastKnownFileType = file.storyboard; name = Base; path = Base.lproj/LaunchScreen.storyboard; sourceTree = "<group>"; };
		8E8587FB1E5B175E00AF34CA /* Info.plist */ = {isa = PBXFileReference; lastKnownFileType = text.plist.xml; path = Info.plist; sourceTree = "<group>"; };
		8E8588001E5B175E00AF34CA /* ExampleAppTests.xctest */ = {isa = PBXFileReference; explicitFileType = wrapper.cfbundle; includeInIndex = 0; path = ExampleAppTests.xctest; sourceTree = BUILT_PRODUCTS_DIR; };
		8E8588041E5B175E00AF34CA /* ExampleAppTests.swift */ = {isa = PBXFileReference; lastKnownFileType = sourcecode.swift; path = ExampleAppTests.swift; sourceTree = "<group>"; };
		8E8588061E5B175E00AF34CA /* Info.plist */ = {isa = PBXFileReference; lastKnownFileType = text.plist.xml; path = Info.plist; sourceTree = "<group>"; };
		8E85880B1E5B175E00AF34CA /* ExampleAppUITests.xctest */ = {isa = PBXFileReference; explicitFileType = wrapper.cfbundle; includeInIndex = 0; path = ExampleAppUITests.xctest; sourceTree = BUILT_PRODUCTS_DIR; };
		8E85880F1E5B175E00AF34CA /* ExampleAppUITests.swift */ = {isa = PBXFileReference; lastKnownFileType = sourcecode.swift; path = ExampleAppUITests.swift; sourceTree = "<group>"; };
		8E8588111E5B175E00AF34CA /* Info.plist */ = {isa = PBXFileReference; lastKnownFileType = text.plist.xml; path = Info.plist; sourceTree = "<group>"; };
		8E85881D1E5B182100AF34CA /* APIManager.swift */ = {isa = PBXFileReference; fileEncoding = 4; lastKnownFileType = sourcecode.swift; name = APIManager.swift; path = ../APIManager.swift; sourceTree = "<group>"; };
		8EB7A5F01E5B767D00E39FBE /* History.swift */ = {isa = PBXFileReference; fileEncoding = 4; lastKnownFileType = sourcecode.swift; path = History.swift; sourceTree = "<group>"; };
		8EB7A5F21E5B769600E39FBE /* HistoryCell.swift */ = {isa = PBXFileReference; fileEncoding = 4; lastKnownFileType = sourcecode.swift; path = HistoryCell.swift; sourceTree = "<group>"; };
		8EB7A5F61E5B832D00E39FBE /* MainScreenLabel.swift */ = {isa = PBXFileReference; fileEncoding = 4; lastKnownFileType = sourcecode.swift; path = MainScreenLabel.swift; sourceTree = "<group>"; };
		8EB7A5F81E5B85CA00E39FBE /* HistoryProvider.swift */ = {isa = PBXFileReference; fileEncoding = 4; lastKnownFileType = sourcecode.swift; path = HistoryProvider.swift; sourceTree = "<group>"; };
		8EB7A5FA1E5C521400E39FBE /* Alerts.swift */ = {isa = PBXFileReference; fileEncoding = 4; lastKnownFileType = sourcecode.swift; path = Alerts.swift; sourceTree = "<group>"; };
		8EB7A5FC1E5C5DEA00E39FBE /* HistoryLabel.swift */ = {isa = PBXFileReference; fileEncoding = 4; lastKnownFileType = sourcecode.swift; path = HistoryLabel.swift; sourceTree = "<group>"; };
		8EB7A5FE1E5C5E6D00E39FBE /* HistoryView.swift */ = {isa = PBXFileReference; fileEncoding = 4; lastKnownFileType = sourcecode.swift; path = HistoryView.swift; sourceTree = "<group>"; };
		9FE8ABBC4595D0B77C1CA5B4 /* Pods_ExampleApp.framework */ = {isa = PBXFileReference; explicitFileType = wrapper.framework; includeInIndex = 0; path = Pods_ExampleApp.framework; sourceTree = BUILT_PRODUCTS_DIR; };
/* End PBXFileReference section */

/* Begin PBXFrameworksBuildPhase section */
		8E8587E61E5B175E00AF34CA /* Frameworks */ = {
			isa = PBXFrameworksBuildPhase;
			buildActionMask = 2147483647;
			files = (
				AF29E0C7F5785B2161DB08A6 /* Pods_ExampleApp.framework in Frameworks */,
			);
			runOnlyForDeploymentPostprocessing = 0;
		};
		8E8587FD1E5B175E00AF34CA /* Frameworks */ = {
			isa = PBXFrameworksBuildPhase;
			buildActionMask = 2147483647;
			files = (
			);
			runOnlyForDeploymentPostprocessing = 0;
		};
		8E8588081E5B175E00AF34CA /* Frameworks */ = {
			isa = PBXFrameworksBuildPhase;
			buildActionMask = 2147483647;
			files = (
			);
			runOnlyForDeploymentPostprocessing = 0;
		};
/* End PBXFrameworksBuildPhase section */

/* Begin PBXGroup section */
		44009351EA5B4682C70ADE58 /* Pods */ = {
			isa = PBXGroup;
			children = (
				6940054B299ABC9CE1F55F6E /* Pods-ExampleApp.debug.xcconfig */,
				080615C6BA34FEA5650C262A /* Pods-ExampleApp.release.xcconfig */,
			);
			name = Pods;
			sourceTree = "<group>";
		};
		8E8587E01E5B175E00AF34CA = {
			isa = PBXGroup;
			children = (
				8E8587EB1E5B175E00AF34CA /* ExampleApp */,
				8E8588031E5B175E00AF34CA /* ExampleAppTests */,
				8E85880E1E5B175E00AF34CA /* ExampleAppUITests */,
				8E8587EA1E5B175E00AF34CA /* Products */,
				44009351EA5B4682C70ADE58 /* Pods */,
				D55B63D808EB55C0D87657E3 /* Frameworks */,
			);
			sourceTree = "<group>";
		};
		8E8587EA1E5B175E00AF34CA /* Products */ = {
			isa = PBXGroup;
			children = (
				8E8587E91E5B175E00AF34CA /* ExampleApp.app */,
				8E8588001E5B175E00AF34CA /* ExampleAppTests.xctest */,
				8E85880B1E5B175E00AF34CA /* ExampleAppUITests.xctest */,
			);
			name = Products;
			sourceTree = "<group>";
		};
		8E8587EB1E5B175E00AF34CA /* ExampleApp */ = {
			isa = PBXGroup;
			children = (
				8EB7A6051E5C72A300E39FBE /* ManagersEtc */,
				8E8587F01E5B175E00AF34CA /* Main.storyboard */,
				8EB7A6041E5C727E00E39FBE /* ViewControllers */,
				8EB7A6031E5C720200E39FBE /* Appearance */,
				8EB7A6021E5C71EF00E39FBE /* TableViewCells */,
				8EB7A6011E5C71D900E39FBE /* TableViews */,
				8EB7A6001E5C71CC00E39FBE /* Alerts */,
				8E8587F61E5B175E00AF34CA /* Assets.xcassets */,
				8EDB05051E5C7412007C4E79 /* Others */,
			);
			path = ExampleApp;
			sourceTree = "<group>";
		};
		8E8588031E5B175E00AF34CA /* ExampleAppTests */ = {
			isa = PBXGroup;
			children = (
				8E8588041E5B175E00AF34CA /* ExampleAppTests.swift */,
				8E8588061E5B175E00AF34CA /* Info.plist */,
			);
			path = ExampleAppTests;
			sourceTree = "<group>";
		};
		8E85880E1E5B175E00AF34CA /* ExampleAppUITests */ = {
			isa = PBXGroup;
			children = (
				8E85880F1E5B175E00AF34CA /* ExampleAppUITests.swift */,
				8E8588111E5B175E00AF34CA /* Info.plist */,
			);
			path = ExampleAppUITests;
			sourceTree = "<group>";
		};
		8EB7A6001E5C71CC00E39FBE /* Alerts */ = {
			isa = PBXGroup;
			children = (
				8EB7A5FA1E5C521400E39FBE /* Alerts.swift */,
			);
			name = Alerts;
			sourceTree = "<group>";
		};
		8EB7A6011E5C71D900E39FBE /* TableViews */ = {
			isa = PBXGroup;
			children = (
				8EB7A5F01E5B767D00E39FBE /* History.swift */,
			);
			name = TableViews;
			sourceTree = "<group>";
		};
		8EB7A6021E5C71EF00E39FBE /* TableViewCells */ = {
			isa = PBXGroup;
			children = (
				8EB7A5F21E5B769600E39FBE /* HistoryCell.swift */,
			);
			name = TableViewCells;
			sourceTree = "<group>";
		};
		8EB7A6031E5C720200E39FBE /* Appearance */ = {
			isa = PBXGroup;
			children = (
				8EB7A5FE1E5C5E6D00E39FBE /* HistoryView.swift */,
				8EB7A5F61E5B832D00E39FBE /* MainScreenLabel.swift */,
				8EB7A5FC1E5C5DEA00E39FBE /* HistoryLabel.swift */,
			);
			name = Appearance;
			sourceTree = "<group>";
		};
		8EB7A6041E5C727E00E39FBE /* ViewControllers */ = {
			isa = PBXGroup;
			children = (
				8E8587EE1E5B175E00AF34CA /* ViewController.swift */,
			);
			name = ViewControllers;
			sourceTree = "<group>";
		};
		8EB7A6051E5C72A300E39FBE /* ManagersEtc */ = {
			isa = PBXGroup;
			children = (
				8EB7A5F81E5B85CA00E39FBE /* HistoryProvider.swift */,
				8E85881D1E5B182100AF34CA /* APIManager.swift */,
				8E1B85C51E5B52ED0075E19F /* DataManager.swift */,
			);
			name = ManagersEtc;
			sourceTree = "<group>";
		};
		8EDB05051E5C7412007C4E79 /* Others */ = {
			isa = PBXGroup;
			children = (
				8E8587EC1E5B175E00AF34CA /* AppDelegate.swift */,
				8E8587F81E5B175E00AF34CA /* LaunchScreen.storyboard */,
				8E8587FB1E5B175E00AF34CA /* Info.plist */,
				8E8587F31E5B175E00AF34CA /* ExampleApp.xcdatamodeld */,
			);
			name = Others;
			sourceTree = "<group>";
		};
		D55B63D808EB55C0D87657E3 /* Frameworks */ = {
			isa = PBXGroup;
			children = (
				9FE8ABBC4595D0B77C1CA5B4 /* Pods_ExampleApp.framework */,
			);
			name = Frameworks;
			sourceTree = "<group>";
		};
/* End PBXGroup section */

/* Begin PBXNativeTarget section */
		8E8587E81E5B175E00AF34CA /* ExampleApp */ = {
			isa = PBXNativeTarget;
			buildConfigurationList = 8E8588141E5B175E00AF34CA /* Build configuration list for PBXNativeTarget "ExampleApp" */;
			buildPhases = (
				7DD08270215358E632FCF77F /* [CP] Check Pods Manifest.lock */,
				8E8587E51E5B175E00AF34CA /* Sources */,
				8E8587E61E5B175E00AF34CA /* Frameworks */,
				8E8587E71E5B175E00AF34CA /* Resources */,
				ED5F6BF3F491BD1CB89AB64A /* [CP] Embed Pods Frameworks */,
				53FF29DF44E89D55F0D969EF /* [CP] Copy Pods Resources */,
			);
			buildRules = (
			);
			dependencies = (
			);
			name = ExampleApp;
			productName = ExampleApp;
			productReference = 8E8587E91E5B175E00AF34CA /* ExampleApp.app */;
			productType = "com.apple.product-type.application";
		};
		8E8587FF1E5B175E00AF34CA /* ExampleAppTests */ = {
			isa = PBXNativeTarget;
			buildConfigurationList = 8E8588171E5B175E00AF34CA /* Build configuration list for PBXNativeTarget "ExampleAppTests" */;
			buildPhases = (
				8E8587FC1E5B175E00AF34CA /* Sources */,
				8E8587FD1E5B175E00AF34CA /* Frameworks */,
				8E8587FE1E5B175E00AF34CA /* Resources */,
			);
			buildRules = (
			);
			dependencies = (
				8E8588021E5B175E00AF34CA /* PBXTargetDependency */,
			);
			name = ExampleAppTests;
			productName = ExampleAppTests;
			productReference = 8E8588001E5B175E00AF34CA /* ExampleAppTests.xctest */;
			productType = "com.apple.product-type.bundle.unit-test";
		};
		8E85880A1E5B175E00AF34CA /* ExampleAppUITests */ = {
			isa = PBXNativeTarget;
			buildConfigurationList = 8E85881A1E5B175E00AF34CA /* Build configuration list for PBXNativeTarget "ExampleAppUITests" */;
			buildPhases = (
				8E8588071E5B175E00AF34CA /* Sources */,
				8E8588081E5B175E00AF34CA /* Frameworks */,
				8E8588091E5B175E00AF34CA /* Resources */,
			);
			buildRules = (
			);
			dependencies = (
				8E85880D1E5B175E00AF34CA /* PBXTargetDependency */,
			);
			name = ExampleAppUITests;
			productName = ExampleAppUITests;
			productReference = 8E85880B1E5B175E00AF34CA /* ExampleAppUITests.xctest */;
			productType = "com.apple.product-type.bundle.ui-testing";
		};
/* End PBXNativeTarget section */

/* Begin PBXProject section */
		8E8587E11E5B175E00AF34CA /* Project object */ = {
			isa = PBXProject;
			attributes = {
				LastSwiftUpdateCheck = 0820;
				LastUpgradeCheck = 0830;
				ORGANIZATIONNAME = Kamil;
				TargetAttributes = {
					8E8587E81E5B175E00AF34CA = {
						CreatedOnToolsVersion = 8.2.1;
						DevelopmentTeam = FDF62JDEX2;
						ProvisioningStyle = Automatic;
					};
					8E8587FF1E5B175E00AF34CA = {
						CreatedOnToolsVersion = 8.2.1;
						ProvisioningStyle = Automatic;
						TestTargetID = 8E8587E81E5B175E00AF34CA;
					};
					8E85880A1E5B175E00AF34CA = {
						CreatedOnToolsVersion = 8.2.1;
						ProvisioningStyle = Automatic;
						TestTargetID = 8E8587E81E5B175E00AF34CA;
					};
				};
			};
			buildConfigurationList = 8E8587E41E5B175E00AF34CA /* Build configuration list for PBXProject "ExampleApp" */;
			compatibilityVersion = "Xcode 3.2";
			developmentRegion = English;
			hasScannedForEncodings = 0;
			knownRegions = (
				en,
				Base,
			);
			mainGroup = 8E8587E01E5B175E00AF34CA;
			productRefGroup = 8E8587EA1E5B175E00AF34CA /* Products */;
			projectDirPath = "";
			projectRoot = "";
			targets = (
				8E8587E81E5B175E00AF34CA /* ExampleApp */,
				8E8587FF1E5B175E00AF34CA /* ExampleAppTests */,
				8E85880A1E5B175E00AF34CA /* ExampleAppUITests */,
			);
		};
/* End PBXProject section */

/* Begin PBXResourcesBuildPhase section */
		8E8587E71E5B175E00AF34CA /* Resources */ = {
			isa = PBXResourcesBuildPhase;
			buildActionMask = 2147483647;
			files = (
				8E8587FA1E5B175E00AF34CA /* LaunchScreen.storyboard in Resources */,
				8E8587F71E5B175E00AF34CA /* Assets.xcassets in Resources */,
				8E8587F21E5B175E00AF34CA /* Main.storyboard in Resources */,
			);
			runOnlyForDeploymentPostprocessing = 0;
		};
		8E8587FE1E5B175E00AF34CA /* Resources */ = {
			isa = PBXResourcesBuildPhase;
			buildActionMask = 2147483647;
			files = (
			);
			runOnlyForDeploymentPostprocessing = 0;
		};
		8E8588091E5B175E00AF34CA /* Resources */ = {
			isa = PBXResourcesBuildPhase;
			buildActionMask = 2147483647;
			files = (
			);
			runOnlyForDeploymentPostprocessing = 0;
		};
/* End PBXResourcesBuildPhase section */

/* Begin PBXShellScriptBuildPhase section */
		53FF29DF44E89D55F0D969EF /* [CP] Copy Pods Resources */ = {
			isa = PBXShellScriptBuildPhase;
			buildActionMask = 2147483647;
			files = (
			);
			inputPaths = (
			);
			name = "[CP] Copy Pods Resources";
			outputPaths = (
			);
			runOnlyForDeploymentPostprocessing = 0;
			shellPath = /bin/sh;
			shellScript = "\"${SRCROOT}/Pods/Target Support Files/Pods-ExampleApp/Pods-ExampleApp-resources.sh\"\n";
			showEnvVarsInLog = 0;
		};
		7DD08270215358E632FCF77F /* [CP] Check Pods Manifest.lock */ = {
			isa = PBXShellScriptBuildPhase;
			buildActionMask = 2147483647;
			files = (
			);
			inputPaths = (
			);
			name = "[CP] Check Pods Manifest.lock";
			outputPaths = (
			);
			runOnlyForDeploymentPostprocessing = 0;
			shellPath = /bin/sh;
			shellScript = "diff \"${PODS_ROOT}/../Podfile.lock\" \"${PODS_ROOT}/Manifest.lock\" > /dev/null\nif [ $? != 0 ] ; then\n    # print error to STDERR\n    echo \"error: The sandbox is not in sync with the Podfile.lock. Run 'pod install' or update your CocoaPods installation.\" >&2\n    exit 1\nfi\n";
			showEnvVarsInLog = 0;
		};
		ED5F6BF3F491BD1CB89AB64A /* [CP] Embed Pods Frameworks */ = {
			isa = PBXShellScriptBuildPhase;
			buildActionMask = 2147483647;
			files = (
			);
			inputPaths = (
			);
			name = "[CP] Embed Pods Frameworks";
			outputPaths = (
			);
			runOnlyForDeploymentPostprocessing = 0;
			shellPath = /bin/sh;
			shellScript = "\"${SRCROOT}/Pods/Target Support Files/Pods-ExampleApp/Pods-ExampleApp-frameworks.sh\"\n";
			showEnvVarsInLog = 0;
		};
/* End PBXShellScriptBuildPhase section */

/* Begin PBXSourcesBuildPhase section */
		8E8587E51E5B175E00AF34CA /* Sources */ = {
			isa = PBXSourcesBuildPhase;
			buildActionMask = 2147483647;
			files = (
				8EB7A5F11E5B767D00E39FBE /* History.swift in Sources */,
				8EB7A5FF1E5C5E6D00E39FBE /* HistoryView.swift in Sources */,
				8EB7A5F31E5B769600E39FBE /* HistoryCell.swift in Sources */,
				8EB7A5F71E5B832D00E39FBE /* MainScreenLabel.swift in Sources */,
				8E8587EF1E5B175E00AF34CA /* ViewController.swift in Sources */,
				8EB7A5F91E5B85CA00E39FBE /* HistoryProvider.swift in Sources */,
				8E1B85C61E5B52ED0075E19F /* DataManager.swift in Sources */,
				8EB7A5FB1E5C521500E39FBE /* Alerts.swift in Sources */,
				8EB7A5FD1E5C5DEA00E39FBE /* HistoryLabel.swift in Sources */,
				8E85881E1E5B182100AF34CA /* APIManager.swift in Sources */,
				8E8587ED1E5B175E00AF34CA /* AppDelegate.swift in Sources */,
				8E8587F51E5B175E00AF34CA /* ExampleApp.xcdatamodeld in Sources */,
			);
			runOnlyForDeploymentPostprocessing = 0;
		};
		8E8587FC1E5B175E00AF34CA /* Sources */ = {
			isa = PBXSourcesBuildPhase;
			buildActionMask = 2147483647;
			files = (
				8E8588051E5B175E00AF34CA /* ExampleAppTests.swift in Sources */,
			);
			runOnlyForDeploymentPostprocessing = 0;
		};
		8E8588071E5B175E00AF34CA /* Sources */ = {
			isa = PBXSourcesBuildPhase;
			buildActionMask = 2147483647;
			files = (
				8E8588101E5B175E00AF34CA /* ExampleAppUITests.swift in Sources */,
			);
			runOnlyForDeploymentPostprocessing = 0;
		};
/* End PBXSourcesBuildPhase section */

/* Begin PBXTargetDependency section */
		8E8588021E5B175E00AF34CA /* PBXTargetDependency */ = {
			isa = PBXTargetDependency;
			target = 8E8587E81E5B175E00AF34CA /* ExampleApp */;
			targetProxy = 8E8588011E5B175E00AF34CA /* PBXContainerItemProxy */;
		};
		8E85880D1E5B175E00AF34CA /* PBXTargetDependency */ = {
			isa = PBXTargetDependency;
			target = 8E8587E81E5B175E00AF34CA /* ExampleApp */;
			targetProxy = 8E85880C1E5B175E00AF34CA /* PBXContainerItemProxy */;
		};
/* End PBXTargetDependency section */

/* Begin PBXVariantGroup section */
		8E8587F01E5B175E00AF34CA /* Main.storyboard */ = {
			isa = PBXVariantGroup;
			children = (
				8E8587F11E5B175E00AF34CA /* Base */,
			);
			name = Main.storyboard;
			sourceTree = "<group>";
		};
		8E8587F81E5B175E00AF34CA /* LaunchScreen.storyboard */ = {
			isa = PBXVariantGroup;
			children = (
				8E8587F91E5B175E00AF34CA /* Base */,
			);
			name = LaunchScreen.storyboard;
			sourceTree = "<group>";
		};
/* End PBXVariantGroup section */

/* Begin XCBuildConfiguration section */
		8E8588121E5B175E00AF34CA /* Debug */ = {
			isa = XCBuildConfiguration;
			buildSettings = {
				ALWAYS_SEARCH_USER_PATHS = NO;
				CLANG_ANALYZER_NONNULL = YES;
				CLANG_CXX_LANGUAGE_STANDARD = "gnu++0x";
				CLANG_CXX_LIBRARY = "libc++";
				CLANG_ENABLE_MODULES = YES;
				CLANG_ENABLE_OBJC_ARC = YES;
				CLANG_WARN_BOOL_CONVERSION = YES;
				CLANG_WARN_CONSTANT_CONVERSION = YES;
				CLANG_WARN_DIRECT_OBJC_ISA_USAGE = YES_ERROR;
				CLANG_WARN_DOCUMENTATION_COMMENTS = YES;
				CLANG_WARN_EMPTY_BODY = YES;
				CLANG_WARN_ENUM_CONVERSION = YES;
				CLANG_WARN_INFINITE_RECURSION = YES;
				CLANG_WARN_INT_CONVERSION = YES;
				CLANG_WARN_OBJC_ROOT_CLASS = YES_ERROR;
				CLANG_WARN_SUSPICIOUS_MOVE = YES;
				CLANG_WARN_UNREACHABLE_CODE = YES;
				CLANG_WARN__DUPLICATE_METHOD_MATCH = YES;
				"CODE_SIGN_IDENTITY[sdk=iphoneos*]" = "iPhone Developer";
				COPY_PHASE_STRIP = NO;
				DEBUG_INFORMATION_FORMAT = dwarf;
				ENABLE_STRICT_OBJC_MSGSEND = YES;
				ENABLE_TESTABILITY = YES;
				GCC_C_LANGUAGE_STANDARD = gnu99;
				GCC_DYNAMIC_NO_PIC = NO;
				GCC_NO_COMMON_BLOCKS = YES;
				GCC_OPTIMIZATION_LEVEL = 0;
				GCC_PREPROCESSOR_DEFINITIONS = (
					"DEBUG=1",
					"$(inherited)",
				);
				GCC_WARN_64_TO_32_BIT_CONVERSION = YES;
				GCC_WARN_ABOUT_RETURN_TYPE = YES_ERROR;
				GCC_WARN_UNDECLARED_SELECTOR = YES;
				GCC_WARN_UNINITIALIZED_AUTOS = YES_AGGRESSIVE;
				GCC_WARN_UNUSED_FUNCTION = YES;
				GCC_WARN_UNUSED_VARIABLE = YES;
				IPHONEOS_DEPLOYMENT_TARGET = 10.2;
				MTL_ENABLE_DEBUG_INFO = YES;
				ONLY_ACTIVE_ARCH = YES;
				SDKROOT = iphoneos;
				SWIFT_ACTIVE_COMPILATION_CONDITIONS = DEBUG;
				SWIFT_OPTIMIZATION_LEVEL = "-Onone";
				TARGETED_DEVICE_FAMILY = "1,2";
			};
			name = Debug;
		};
		8E8588131E5B175E00AF34CA /* Release */ = {
			isa = XCBuildConfiguration;
			buildSettings = {
				ALWAYS_SEARCH_USER_PATHS = NO;
				CLANG_ANALYZER_NONNULL = YES;
				CLANG_CXX_LANGUAGE_STANDARD = "gnu++0x";
				CLANG_CXX_LIBRARY = "libc++";
				CLANG_ENABLE_MODULES = YES;
				CLANG_ENABLE_OBJC_ARC = YES;
				CLANG_WARN_BOOL_CONVERSION = YES;
				CLANG_WARN_CONSTANT_CONVERSION = YES;
				CLANG_WARN_DIRECT_OBJC_ISA_USAGE = YES_ERROR;
				CLANG_WARN_DOCUMENTATION_COMMENTS = YES;
				CLANG_WARN_EMPTY_BODY = YES;
				CLANG_WARN_ENUM_CONVERSION = YES;
				CLANG_WARN_INFINITE_RECURSION = YES;
				CLANG_WARN_INT_CONVERSION = YES;
				CLANG_WARN_OBJC_ROOT_CLASS = YES_ERROR;
				CLANG_WARN_SUSPICIOUS_MOVE = YES;
				CLANG_WARN_UNREACHABLE_CODE = YES;
				CLANG_WARN__DUPLICATE_METHOD_MATCH = YES;
				"CODE_SIGN_IDENTITY[sdk=iphoneos*]" = "iPhone Developer";
				COPY_PHASE_STRIP = NO;
				DEBUG_INFORMATION_FORMAT = "dwarf-with-dsym";
				ENABLE_NS_ASSERTIONS = NO;
				ENABLE_STRICT_OBJC_MSGSEND = YES;
				GCC_C_LANGUAGE_STANDARD = gnu99;
				GCC_NO_COMMON_BLOCKS = YES;
				GCC_WARN_64_TO_32_BIT_CONVERSION = YES;
				GCC_WARN_ABOUT_RETURN_TYPE = YES_ERROR;
				GCC_WARN_UNDECLARED_SELECTOR = YES;
				GCC_WARN_UNINITIALIZED_AUTOS = YES_AGGRESSIVE;
				GCC_WARN_UNUSED_FUNCTION = YES;
				GCC_WARN_UNUSED_VARIABLE = YES;
				IPHONEOS_DEPLOYMENT_TARGET = 10.2;
				MTL_ENABLE_DEBUG_INFO = NO;
				SDKROOT = iphoneos;
				SWIFT_OPTIMIZATION_LEVEL = "-Owholemodule";
				TARGETED_DEVICE_FAMILY = "1,2";
				VALIDATE_PRODUCT = YES;
			};
			name = Release;
		};
		8E8588151E5B175E00AF34CA /* Debug */ = {
			isa = XCBuildConfiguration;
			baseConfigurationReference = 6940054B299ABC9CE1F55F6E /* Pods-ExampleApp.debug.xcconfig */;
			buildSettings = {
				ALWAYS_EMBED_SWIFT_STANDARD_LIBRARIES = YES;
				ASSETCATALOG_COMPILER_APPICON_NAME = AppIcon;
				DEVELOPMENT_TEAM = FDF62JDEX2;
				INFOPLIST_FILE = ExampleApp/Info.plist;
				LD_RUNPATH_SEARCH_PATHS = "$(inherited) @executable_path/Frameworks";
				PRODUCT_BUNDLE_IDENTIFIER = j.ExampleApp;
				PRODUCT_NAME = "$(TARGET_NAME)";
				SWIFT_VERSION = 3.0;
			};
			name = Debug;
		};
		8E8588161E5B175E00AF34CA /* Release */ = {
			isa = XCBuildConfiguration;
			baseConfigurationReference = 080615C6BA34FEA5650C262A /* Pods-ExampleApp.release.xcconfig */;
			buildSettings = {
				ALWAYS_EMBED_SWIFT_STANDARD_LIBRARIES = YES;
				ASSETCATALOG_COMPILER_APPICON_NAME = AppIcon;
				DEVELOPMENT_TEAM = FDF62JDEX2;
				INFOPLIST_FILE = ExampleApp/Info.plist;
				LD_RUNPATH_SEARCH_PATHS = "$(inherited) @executable_path/Frameworks";
				PRODUCT_BUNDLE_IDENTIFIER = j.ExampleApp;
				PRODUCT_NAME = "$(TARGET_NAME)";
				SWIFT_VERSION = 3.0;
			};
			name = Release;
		};
		8E8588181E5B175E00AF34CA /* Debug */ = {
			isa = XCBuildConfiguration;
			buildSettings = {
				ALWAYS_EMBED_SWIFT_STANDARD_LIBRARIES = YES;
				BUNDLE_LOADER = "$(TEST_HOST)";
				INFOPLIST_FILE = ExampleAppTests/Info.plist;
				LD_RUNPATH_SEARCH_PATHS = "$(inherited) @executable_path/Frameworks @loader_path/Frameworks";
				PRODUCT_BUNDLE_IDENTIFIER = j.ExampleAppTests;
				PRODUCT_NAME = "$(TARGET_NAME)";
				SWIFT_VERSION = 3.0;
				TEST_HOST = "$(BUILT_PRODUCTS_DIR)/ExampleApp.app/ExampleApp";
			};
			name = Debug;
		};
		8E8588191E5B175E00AF34CA /* Release */ = {
			isa = XCBuildConfiguration;
			buildSettings = {
				ALWAYS_EMBED_SWIFT_STANDARD_LIBRARIES = YES;
				BUNDLE_LOADER = "$(TEST_HOST)";
				INFOPLIST_FILE = ExampleAppTests/Info.plist;
				LD_RUNPATH_SEARCH_PATHS = "$(inherited) @executable_path/Frameworks @loader_path/Frameworks";
				PRODUCT_BUNDLE_IDENTIFIER = j.ExampleAppTests;
				PRODUCT_NAME = "$(TARGET_NAME)";
				SWIFT_VERSION = 3.0;
				TEST_HOST = "$(BUILT_PRODUCTS_DIR)/ExampleApp.app/ExampleApp";
			};
			name = Release;
		};
		8E85881B1E5B175E00AF34CA /* Debug */ = {
			isa = XCBuildConfiguration;
			buildSettings = {
				ALWAYS_EMBED_SWIFT_STANDARD_LIBRARIES = YES;
				INFOPLIST_FILE = ExampleAppUITests/Info.plist;
				LD_RUNPATH_SEARCH_PATHS = "$(inherited) @executable_path/Frameworks @loader_path/Frameworks";
				PRODUCT_BUNDLE_IDENTIFIER = j.ExampleAppUITests;
				PRODUCT_NAME = "$(TARGET_NAME)";
				SWIFT_VERSION = 3.0;
				TEST_TARGET_NAME = ExampleApp;
			};
			name = Debug;
		};
		8E85881C1E5B175E00AF34CA /* Release */ = {
			isa = XCBuildConfiguration;
			buildSettings = {
				ALWAYS_EMBED_SWIFT_STANDARD_LIBRARIES = YES;
				INFOPLIST_FILE = ExampleAppUITests/Info.plist;
				LD_RUNPATH_SEARCH_PATHS = "$(inherited) @executable_path/Frameworks @loader_path/Frameworks";
				PRODUCT_BUNDLE_IDENTIFIER = j.ExampleAppUITests;
				PRODUCT_NAME = "$(TARGET_NAME)";
				SWIFT_VERSION = 3.0;
				TEST_TARGET_NAME = ExampleApp;
			};
			name = Release;
		};
/* End XCBuildConfiguration section */

/* Begin XCConfigurationList section */
		8E8587E41E5B175E00AF34CA /* Build configuration list for PBXProject "ExampleApp" */ = {
			isa = XCConfigurationList;
			buildConfigurations = (
				8E8588121E5B175E00AF34CA /* Debug */,
				8E8588131E5B175E00AF34CA /* Release */,
			);
			defaultConfigurationIsVisible = 0;
			defaultConfigurationName = Release;
		};
		8E8588141E5B175E00AF34CA /* Build configuration list for PBXNativeTarget "ExampleApp" */ = {
			isa = XCConfigurationList;
			buildConfigurations = (
				8E8588151E5B175E00AF34CA /* Debug */,
				8E8588161E5B175E00AF34CA /* Release */,
			);
			defaultConfigurationIsVisible = 0;
			defaultConfigurationName = Release;
		};
		8E8588171E5B175E00AF34CA /* Build configuration list for PBXNativeTarget "ExampleAppTests" */ = {
			isa = XCConfigurationList;
			buildConfigurations = (
				8E8588181E5B175E00AF34CA /* Debug */,
				8E8588191E5B175E00AF34CA /* Release */,
			);
			defaultConfigurationIsVisible = 0;
			defaultConfigurationName = Release;
		};
		8E85881A1E5B175E00AF34CA /* Build configuration list for PBXNativeTarget "ExampleAppUITests" */ = {
			isa = XCConfigurationList;
			buildConfigurations = (
				8E85881B1E5B175E00AF34CA /* Debug */,
				8E85881C1E5B175E00AF34CA /* Release */,
			);
			defaultConfigurationIsVisible = 0;
			defaultConfigurationName = Release;
		};
/* End XCConfigurationList section */

/* Begin XCVersionGroup section */
		8E8587F31E5B175E00AF34CA /* ExampleApp.xcdatamodeld */ = {
			isa = XCVersionGroup;
			children = (
				8E8587F41E5B175E00AF34CA /* ExampleApp.xcdatamodel */,
			);
			currentVersion = 8E8587F41E5B175E00AF34CA /* ExampleApp.xcdatamodel */;
			path = ExampleApp.xcdatamodeld;
			sourceTree = "<group>";
			versionGroupType = wrapper.xcdatamodel;
		};
/* End XCVersionGroup section */
	};
	rootObject = 8E8587E11E5B175E00AF34CA /* Project object */;
}
